# This file was autogenerated by Stack.
# You should not edit this file by hand.
# For more information, please see the documentation at:
#   https://docs.haskellstack.org/en/stable/lock_files

packages:
- completed:
    hackage: mtl-2.2.2@sha256:1050fb71acd9f5d67da7d992583f5bd0eb14407b9dc7acc122af1b738b706ca3,2261
    pantry-tree:
      size: 1713
      sha256: b8bdc2259e2f943a7252fb164805666fe108ac959d398e0af27b43ba2ebc241c
  original:
    hackage: mtl-2.2.2
- completed:
    hackage: containers-0.6.2.1@sha256:bbc3d2d5eef59a5d26383fb4b727c968390f2b6e9bd413d29aa875175bb16f8b,2460
    pantry-tree:
      size: 2823
      sha256: 5bb0af2da4e4cc5472a17063ecdbda8f1117e5f3509fcd600f2cbd7e2b760f49
  original:
    hackage: containers-0.6.2.1
- completed:
    hackage: microlens-platform-0.4.1@sha256:628997d8b405ef4a6169ccedbb62b2e77c1e6a4d4c9cb39fe3a5223b11caca96,2756
    pantry-tree:
      size: 358
      sha256: 73357d52fca0d179b2236d56e2b127292fd3cf6f5c1117ec18fc728d0937c6d7
  original:
    hackage: microlens-platform-0.4.1
- completed:
    hackage: tasty-1.4.2@sha256:b124f1f5db8291e547254e3b52e94e091fb020b97421c6824fcb9df3a9d143a8,2688
    pantry-tree:
      size: 1944
      sha256: 5e89b7c8633052a1bf288fd10d463e2fc2930268f8e6a973f90b5e13da83c3df
  original:
    hackage: tasty-1.4.2
- completed:
    hackage: tasty-hunit-0.10.0.3@sha256:ba774024f3a26100c559dbef41e030bdf443408ed848691f7b9aa85b6fb218c3,1545
    pantry-tree:
      size: 399
      sha256: c82bce9c756f82fa9221fc2f89b8fa52858d630a388b9288af90cb0c03e084de
  original:
    hackage: tasty-hunit-0.10.0.3
- completed:
    hackage: shelly-1.9.0@sha256:ee030e939e2e5367cf33923c1b9e20bd0793667b02f4baf3d6224984b9b94720,5298
    pantry-tree:
      size: 2314
      sha256: 03feb7c21cd302e6f398cad3f33437dbcbedad52c255d7032903f03fbbab8065
  original:
    hackage: shelly-1.9.0
- completed:
    hackage: transformers-0.5.6.2@sha256:6c959d14430f4deffb99579ba019de07c3d852a2122b6f449344386c7d75ff1d,3172
    pantry-tree:
      size: 2512
      sha256: c79246ba7d61392c2f214376fed3c2a05e4b2649b93ec2c849a86493f278ace0
  original:
    hackage: transformers-0.5.6.2
- completed:
    hackage: optparse-applicative-0.16.1.0@sha256:16ebd7054b2265c1aad16c1d19dc503695fbfc67b35203d9952fd577d08c0110,4982
    pantry-tree:
      size: 2979
      sha256: 0d4a0d442f7f25d35e88f5f30099763c512e3c8fefe2ebccebd82cead4000021
  original:
    hackage: optparse-applicative-0.16.1.0
snapshots:
- completed:
    size: 532386
    url: https://raw.githubusercontent.com/commercialhaskell/stackage-snapshots/master/lts/16/17.yaml
    sha256: d3ee1ae797cf63189c95cf27f00700304946c5cb3c1e6a82001cd6584a221e1b
  original: lts-16.17
